{
  "nodes": {
    "ai-robots-txt": {
      "flake": false,
      "locked": {
        "lastModified": 1736222080,
        "narHash": "sha256-zbpaty7IDxebNrv+ulCA0KybfX4ZRHlRkBPitpye+rA=",
        "owner": "ai-robots-txt",
        "repo": "ai.robots.txt",
        "rev": "b7f908e30560a87c7bf45dc6cd5e132e25ab449e",
        "type": "github"
      },
      "original": {
        "owner": "ai-robots-txt",
        "repo": "ai.robots.txt",
        "type": "github"
      }
    },
    "alejandra": {
      "inputs": {
        "fenix": "fenix",
        "flakeCompat": "flakeCompat",
        "nixpkgs": [
          "nixpkgs"
        ]
      },
      "locked": {
        "lastModified": 1733729059,
        "narHash": "sha256-5xYai0KZirUX2EQpNMMCWoC27932n/i1E4KeVRIss7s=",
        "owner": "kamadorueda",
        "repo": "alejandra",
        "rev": "6db88764334bd6a8b7a33cb312c318baad1d5e93",
        "type": "github"
      },
      "original": {
        "owner": "kamadorueda",
        "repo": "alejandra",
        "type": "github"
      }
    },
    "fenix": {
      "inputs": {
        "nixpkgs": [
          "alejandra",
          "nixpkgs"
        ],
        "rust-analyzer-src": "rust-analyzer-src"
      },
      "locked": {
        "lastModified": 1730615655,
        "narHash": "sha256-2HBR3zLn57LXKNRtxBb+O+uDqHM4n0pz51rPayMl4cg=",
        "owner": "nix-community",
        "repo": "fenix",
        "rev": "efeb50e2535b17ffd4a135e6e3e5fd60a525180c",
        "type": "github"
      },
      "original": {
        "owner": "nix-community",
        "repo": "fenix",
        "type": "github"
      }
    },
    "flakeCompat": {
      "flake": false,
      "locked": {
        "lastModified": 1696426674,
        "narHash": "sha256-kvjfFW7WAETZlt09AgDn1MrtKzP7t90Vf7vypd3OL1U=",
        "owner": "edolstra",
        "repo": "flake-compat",
        "rev": "0f9255e01c2351cc7d116c072cb317785dd33b33",
        "type": "github"
      },
      "original": {
        "owner": "edolstra",
        "repo": "flake-compat",
        "type": "github"
      }
    },
    "home-manager": {
      "inputs": {
        "nixpkgs": [
          "nixpkgs"
        ]
      },
      "locked": {
        "lastModified": 1736883540,
        "narHash": "sha256-dgPgoPUSg8cGAMqbhQRkww665sZtgzpWXxWjlyqhv94=",
        "owner": "nix-community",
        "repo": "home-manager",
        "rev": "0dfec9deb275854a56c97c356c40ef72e3a2e632",
        "type": "github"
      },
      "original": {
        "owner": "nix-community",
        "repo": "home-manager",
        "type": "github"
      }
    },
    "nginx-vhost-defaults": {
      "inputs": {
        "ai-robots-txt": "ai-robots-txt"
      },
      "locked": {
        "lastModified": 1736293187,
        "narHash": "sha256-jzRaR68mUWaduQGfWwOwJbGVMOBwAK8jj/pLd8g1+ms=",
        "owner": "SignalWalker",
        "repo": "nix.nginx.vhost-defaults",
        "rev": "2e225e7cd25125a84573a2424e928c068ae16f08",
        "type": "github"
      },
      "original": {
        "owner": "SignalWalker",
        "repo": "nix.nginx.vhost-defaults",
        "type": "github"
      }
    },
    "nixpkgs": {
      "locked": {
        "lastModified": 1736883708,
        "narHash": "sha256-uQ+NQ0/xYU0N1CnXsa2zghgNaOPxWpMJXSUJJ9W7140=",
        "owner": "NixOS",
        "repo": "nixpkgs",
        "rev": "eb62e6aa39ea67e0b8018ba8ea077efe65807dc8",
        "type": "github"
      },
      "original": {
        "owner": "NixOS",
        "ref": "nixos-unstable",
        "repo": "nixpkgs",
        "type": "github"
      }
    },
    "root": {
      "inputs": {
        "alejandra": "alejandra",
        "home-manager": "home-manager",
        "nginx-vhost-defaults": "nginx-vhost-defaults",
        "nixpkgs": "nixpkgs",
        "wireguard-networks": "wireguard-networks"
      }
    },
    "rust-analyzer-src": {
      "flake": false,
      "locked": {
        "lastModified": 1730555913,
        "narHash": "sha256-KNHZUlqsEibg3YtfUyOFQSofP8hp1HKoY+laoesBxRM=",
        "owner": "rust-lang",
        "repo": "rust-analyzer",
        "rev": "f17a5bbfd0969ba2e63a74505a80e55ecb174ed9",
        "type": "github"
      },
      "original": {
        "owner": "rust-lang",
        "ref": "nightly",
        "repo": "rust-analyzer",
        "type": "github"
      }
    },
    "wireguard-networks": {
      "locked": {
        "lastModified": 1733257742,
        "narHash": "sha256-v6sRtAXS25yzHui3uRXFCIjGizS9PA6Pd30zRBoIMGQ=",
        "owner": "SignalWalker",
        "repo": "nix.net.wireguard",
        "rev": "8f6874a7ced76da44b3896e1d4e1ecb58c11ee68",
        "type": "github"
      },
      "original": {
        "owner": "SignalWalker",
        "repo": "nix.net.wireguard",
        "type": "github"
      }
    }
  },
  "root": "root",
  "version": 7
}
