{
  "nodes": {
    "ai-robots-txt": {
      "flake": false,
      "locked": {
        "lastModified": 1766279226,
        "narHash": "sha256-O/W/gX7EazxzR+ghdxg4i6S0SHEUZoX1afB//HKUNgY=",
        "owner": "ai-robots-txt",
        "repo": "ai.robots.txt",
        "rev": "aa8519ec107d7cfa29b03005c9176708e1269965",
        "type": "github"
      },
      "original": {
        "owner": "ai-robots-txt",
        "repo": "ai.robots.txt",
        "type": "github"
      }
    },
    "home-manager": {
      "inputs": {
        "nixpkgs": [
          "nixpkgs"
        ]
      },
      "locked": {
        "lastModified": 1769015285,
        "narHash": "sha256-MlqzCJbckJsgwfkRs64H2xaX2Uxl4o6Z9XYfkYS1N/E=",
        "owner": "nix-community",
        "repo": "home-manager",
        "rev": "ec0247a7a19f641595c24ac1ea4df6461d1cdb36",
        "type": "github"
      },
      "original": {
        "owner": "nix-community",
        "repo": "home-manager",
        "type": "github"
      }
    },
    "nginx-vhost-defaults": {
      "inputs": {
        "ai-robots-txt": "ai-robots-txt"
      },
      "locked": {
        "lastModified": 1769097411,
        "narHash": "sha256-RSWJxMQ3+TH6P8mbBIf5UeQPHwdFlOYpiahLnXMbpf0=",
        "owner": "SignalWalker",
        "repo": "nix.nginx.vhost-defaults",
        "rev": "c66e71c31fd8e7bb5b873e6762e9081c923bc737",
        "type": "github"
      },
      "original": {
        "owner": "SignalWalker",
        "repo": "nix.nginx.vhost-defaults",
        "type": "github"
      }
    },
    "nixpkgs": {
      "locked": {
        "lastModified": 1769018530,
        "narHash": "sha256-MJ27Cy2NtBEV5tsK+YraYr2g851f3Fl1LpNHDzDX15c=",
        "owner": "NixOS",
        "repo": "nixpkgs",
        "rev": "88d3861acdd3d2f0e361767018218e51810df8a1",
        "type": "github"
      },
      "original": {
        "owner": "NixOS",
        "ref": "nixos-unstable",
        "repo": "nixpkgs",
        "type": "github"
      }
    },
    "root": {
      "inputs": {
        "home-manager": "home-manager",
        "nginx-vhost-defaults": "nginx-vhost-defaults",
        "nixpkgs": "nixpkgs",
        "wireguard-networks": "wireguard-networks"
      }
    },
    "wireguard-networks": {
      "locked": {
        "lastModified": 1733257742,
        "narHash": "sha256-v6sRtAXS25yzHui3uRXFCIjGizS9PA6Pd30zRBoIMGQ=",
        "owner": "SignalWalker",
        "repo": "nix.net.wireguard",
        "rev": "8f6874a7ced76da44b3896e1d4e1ecb58c11ee68",
        "type": "github"
      },
      "original": {
        "owner": "SignalWalker",
        "repo": "nix.net.wireguard",
        "type": "github"
      }
    }
  },
  "root": "root",
  "version": 7
}
